
Microsoft Visual Studio Solution File, Format Version 12.00
# Visual Studio Version 16
VisualStudioVersion = 16.0.810.17
MinimumVisualStudioVersion = 10.0.40219.1
Project("{FAE04EC0-301F-11D3-BF4B-00C04F79EFBC}") = "DateMe", "DateMe\DateMe.csproj", "{D1470BA9-73B4-4D5E-A83D-A86688D0AD02}"
EndProject
Global
	GlobalSection(SolutionConfigurationPlatforms) = preSolution
		Debug|Any CPU = Debug|Any CPU
		Release|Any CPU = Release|Any CPU
	EndGlobalSection
	GlobalSection(ProjectConfigurationPlatforms) = postSolution
		{D1470BA9-73B4-4D5E-A83D-A86688D0AD02}.Debug|Any CPU.ActiveCfg = Debug|Any CPU
		{D1470BA9-73B4-4D5E-A83D-A86688D0AD02}.Debug|Any CPU.Build.0 = Debug|Any CPU
		{D1470BA9-73B4-4D5E-A83D-A86688D0AD02}.Release|Any CPU.ActiveCfg = Release|Any CPU
		{D1470BA9-73B4-4D5E-A83D-A86688D0AD02}.Release|Any CPU.Build.0 = Release|Any CPU
	EndGlobalSection
	GlobalSection(SolutionProperties) = preSolution
		HideSolutionNode = FALSE
	EndGlobalSection
	GlobalSection(ExtensibilityGlobals) = postSolution
		SolutionGuid = {E414EF61-77E4-4C69-8E77-2D604F51106C}
	EndGlobalSection
EndGlobal
